
Microsoft Visual Studio Solution File, Format Version 12.00
# Visual Studio Version 17
VisualStudioVersion = 17.8.34309.116
MinimumVisualStudioVersion = 10.0.40219.1
Project("{9A19103F-16F7-4668-BE54-9A1E7A4F7556}") = "Watermark.Win", "Watermark.Win\Watermark.Win.csproj", "{99D14577-7182-4ADF-B1C2-AF8EDFAD2829}"
EndProject
Project("{9A19103F-16F7-4668-BE54-9A1E7A4F7556}") = "Watermark.Shared", "Watermark.Shared\Watermark.Shared.csproj", "{EEFB2B91-1A99-4298-BDE1-DF34A0039744}"
EndProject
Project("{9A19103F-16F7-4668-BE54-9A1E7A4F7556}") = "Watermark.Web", "Watermark.Web\Watermark.Web\Watermark.Web.csproj", "{2947859B-5E59-4532-91B9-79E851E072A9}"
EndProject
Project("{9A19103F-16F7-4668-BE54-9A1E7A4F7556}") = "Watermark.Web.Client", "Watermark.Web\Watermark.Web.Client\Watermark.Web.Client.csproj", "{4EE58B51-F812-48A6-BAD0-F7B03755E723}"
EndProject
Global
	GlobalSection(SolutionConfigurationPlatforms) = preSolution
		Debug|Any CPU = Debug|Any CPU
		Release|Any CPU = Release|Any CPU
	EndGlobalSection
	GlobalSection(ProjectConfigurationPlatforms) = postSolution
		{99D14577-7182-4ADF-B1C2-AF8EDFAD2829}.Debug|Any CPU.ActiveCfg = Debug|Any CPU
		{99D14577-7182-4ADF-B1C2-AF8EDFAD2829}.Debug|Any CPU.Build.0 = Debug|Any CPU
		{99D14577-7182-4ADF-B1C2-AF8EDFAD2829}.Release|Any CPU.ActiveCfg = Release|Any CPU
		{99D14577-7182-4ADF-B1C2-AF8EDFAD2829}.Release|Any CPU.Build.0 = Release|Any CPU
		{EEFB2B91-1A99-4298-BDE1-DF34A0039744}.Debug|Any CPU.ActiveCfg = Debug|Any CPU
		{EEFB2B91-1A99-4298-BDE1-DF34A0039744}.Debug|Any CPU.Build.0 = Debug|Any CPU
		{EEFB2B91-1A99-4298-BDE1-DF34A0039744}.Release|Any CPU.ActiveCfg = Release|Any CPU
		{EEFB2B91-1A99-4298-BDE1-DF34A0039744}.Release|Any CPU.Build.0 = Release|Any CPU
		{2947859B-5E59-4532-91B9-79E851E072A9}.Debug|Any CPU.ActiveCfg = Debug|Any CPU
		{2947859B-5E59-4532-91B9-79E851E072A9}.Debug|Any CPU.Build.0 = Debug|Any CPU
		{2947859B-5E59-4532-91B9-79E851E072A9}.Release|Any CPU.ActiveCfg = Release|Any CPU
		{2947859B-5E59-4532-91B9-79E851E072A9}.Release|Any CPU.Build.0 = Release|Any CPU
		{4EE58B51-F812-48A6-BAD0-F7B03755E723}.Debug|Any CPU.ActiveCfg = Debug|Any CPU
		{4EE58B51-F812-48A6-BAD0-F7B03755E723}.Debug|Any CPU.Build.0 = Debug|Any CPU
		{4EE58B51-F812-48A6-BAD0-F7B03755E723}.Release|Any CPU.ActiveCfg = Release|Any CPU
		{4EE58B51-F812-48A6-BAD0-F7B03755E723}.Release|Any CPU.Build.0 = Release|Any CPU
	EndGlobalSection
	GlobalSection(SolutionProperties) = preSolution
		HideSolutionNode = FALSE
	EndGlobalSection
	GlobalSection(ExtensibilityGlobals) = postSolution
		SolutionGuid = {AB2054B9-1C39-481A-8D4D-911EBA8EE66B}
	EndGlobalSection
EndGlobal
