
Microsoft Visual Studio Solution File, Format Version 12.00
# Visual Studio Version 17
VisualStudioVersion = 17.8.34309.116
MinimumVisualStudioVersion = 10.0.40219.1
Project("{9A19103F-16F7-4668-BE54-9A1E7A4F7556}") = "Watermark.Win", "Watermark.Win\Watermark.Win.csproj", "{99D14577-7182-4ADF-B1C2-AF8EDFAD2829}"
EndProject
Project("{FAE04EC0-301F-11D3-BF4B-00C04F79EFBC}") = "Watermark.Web", "Watermark.Web\Watermark.Web.csproj", "{10922053-4AEB-4006-97AF-BDD586976CB2}"
EndProject
Global
	GlobalSection(SolutionConfigurationPlatforms) = preSolution
		Debug|Any CPU = Debug|Any CPU
		Release|Any CPU = Release|Any CPU
	EndGlobalSection
	GlobalSection(ProjectConfigurationPlatforms) = postSolution
		{99D14577-7182-4ADF-B1C2-AF8EDFAD2829}.Debug|Any CPU.ActiveCfg = Debug|Any CPU
		{99D14577-7182-4ADF-B1C2-AF8EDFAD2829}.Debug|Any CPU.Build.0 = Debug|Any CPU
		{99D14577-7182-4ADF-B1C2-AF8EDFAD2829}.Release|Any CPU.ActiveCfg = Release|Any CPU
		{99D14577-7182-4ADF-B1C2-AF8EDFAD2829}.Release|Any CPU.Build.0 = Release|Any CPU
		{10922053-4AEB-4006-97AF-BDD586976CB2}.Debug|Any CPU.ActiveCfg = Debug|Any CPU
		{10922053-4AEB-4006-97AF-BDD586976CB2}.Debug|Any CPU.Build.0 = Debug|Any CPU
		{10922053-4AEB-4006-97AF-BDD586976CB2}.Release|Any CPU.ActiveCfg = Release|Any CPU
		{10922053-4AEB-4006-97AF-BDD586976CB2}.Release|Any CPU.Build.0 = Release|Any CPU
	EndGlobalSection
	GlobalSection(SolutionProperties) = preSolution
		HideSolutionNode = FALSE
	EndGlobalSection
	GlobalSection(ExtensibilityGlobals) = postSolution
		SolutionGuid = {AB2054B9-1C39-481A-8D4D-911EBA8EE66B}
	EndGlobalSection
EndGlobal
