
Microsoft Visual Studio Solution File, Format Version 12.00
# Visual Studio Version 17
VisualStudioVersion = 17.10.35013.160
MinimumVisualStudioVersion = 10.0.40219.1
Project("{FAE04EC0-301F-11D3-BF4B-00C04F79EFBC}") = "Watermark", "Watermark.csproj", "{7D75979B-CA23-4273-BECE-0C398ED133E2}"
EndProject
Project("{9A19103F-16F7-4668-BE54-9A1E7A4F7556}") = "Watermark.Shared", "..\Watermark.Shared\Watermark.Shared.csproj", "{0E25732D-F6BA-4A55-BC75-DB2C73845A1E}"
EndProject
Project("{9A19103F-16F7-4668-BE54-9A1E7A4F7556}") = "Watermark.Razor", "..\Watermark.Win\Watermark.Razor\Watermark.Razor.csproj", "{8E7C087A-7765-48F7-934B-A45BC8C8E822}"
EndProject
Global
	GlobalSection(SolutionConfigurationPlatforms) = preSolution
		Debug|Any CPU = Debug|Any CPU
		Release|Any CPU = Release|Any CPU
	EndGlobalSection
	GlobalSection(ProjectConfigurationPlatforms) = postSolution
		{7D75979B-CA23-4273-BECE-0C398ED133E2}.Debug|Any CPU.ActiveCfg = Debug|Any CPU
		{7D75979B-CA23-4273-BECE-0C398ED133E2}.Debug|Any CPU.Build.0 = Debug|Any CPU
		{7D75979B-CA23-4273-BECE-0C398ED133E2}.Debug|Any CPU.Deploy.0 = Debug|Any CPU
		{7D75979B-CA23-4273-BECE-0C398ED133E2}.Release|Any CPU.ActiveCfg = Release|Any CPU
		{7D75979B-CA23-4273-BECE-0C398ED133E2}.Release|Any CPU.Build.0 = Release|Any CPU
		{7D75979B-CA23-4273-BECE-0C398ED133E2}.Release|Any CPU.Deploy.0 = Release|Any CPU
		{0E25732D-F6BA-4A55-BC75-DB2C73845A1E}.Debug|Any CPU.ActiveCfg = Debug|Any CPU
		{0E25732D-F6BA-4A55-BC75-DB2C73845A1E}.Debug|Any CPU.Build.0 = Debug|Any CPU
		{0E25732D-F6BA-4A55-BC75-DB2C73845A1E}.Release|Any CPU.ActiveCfg = Release|Any CPU
		{0E25732D-F6BA-4A55-BC75-DB2C73845A1E}.Release|Any CPU.Build.0 = Release|Any CPU
		{8E7C087A-7765-48F7-934B-A45BC8C8E822}.Debug|Any CPU.ActiveCfg = Debug|Any CPU
		{8E7C087A-7765-48F7-934B-A45BC8C8E822}.Debug|Any CPU.Build.0 = Debug|Any CPU
		{8E7C087A-7765-48F7-934B-A45BC8C8E822}.Release|Any CPU.ActiveCfg = Release|Any CPU
		{8E7C087A-7765-48F7-934B-A45BC8C8E822}.Release|Any CPU.Build.0 = Release|Any CPU
	EndGlobalSection
	GlobalSection(SolutionProperties) = preSolution
		HideSolutionNode = FALSE
	EndGlobalSection
	GlobalSection(ExtensibilityGlobals) = postSolution
		SolutionGuid = {A0D7FD8A-8D44-4206-9F15-BF2562FE49FC}
	EndGlobalSection
EndGlobal
